
Microsoft Visual Studio Solution File, Format Version 12.00
# Visual Studio 15
VisualStudioVersion = 15.0.26430.14
MinimumVisualStudioVersion = 10.0.40219.1
Project("{FAE04EC0-301F-11D3-BF4B-00C04F79EFBC}") = "ConsoleApp2", "ConsoleApp2\ConsoleApp2.csproj", "{DEA23226-2787-4CEA-8DC8-027595EDA751}"
EndProject
Global
	GlobalSection(SolutionConfigurationPlatforms) = preSolution
		Debug|Any CPU = Debug|Any CPU
		Release|Any CPU = Release|Any CPU
	EndGlobalSection
	GlobalSection(ProjectConfigurationPlatforms) = postSolution
		{DEA23226-2787-4CEA-8DC8-027595EDA751}.Debug|Any CPU.ActiveCfg = Debug|Any CPU
		{DEA23226-2787-4CEA-8DC8-027595EDA751}.Debug|Any CPU.Build.0 = Debug|Any CPU
		{DEA23226-2787-4CEA-8DC8-027595EDA751}.Release|Any CPU.ActiveCfg = Release|Any CPU
		{DEA23226-2787-4CEA-8DC8-027595EDA751}.Release|Any CPU.Build.0 = Release|Any CPU
	EndGlobalSection
	GlobalSection(SolutionProperties) = preSolution
		HideSolutionNode = FALSE
	EndGlobalSection
EndGlobal
