
Microsoft Visual Studio Solution File, Format Version 12.00
# Visual Studio 15
VisualStudioVersion = 15.0.27130.2003
MinimumVisualStudioVersion = 10.0.40219.1
Project("{9A19103F-16F7-4668-BE54-9A1E7A4F7556}") = "WebApplication5", "WebApplication5\WebApplication5.csproj", "{215280FE-BEFB-41BF-9588-185E0E19DA83}"
EndProject
Global
	GlobalSection(SolutionConfigurationPlatforms) = preSolution
		Debug|Any CPU = Debug|Any CPU
		Release|Any CPU = Release|Any CPU
	EndGlobalSection
	GlobalSection(ProjectConfigurationPlatforms) = postSolution
		{215280FE-BEFB-41BF-9588-185E0E19DA83}.Debug|Any CPU.ActiveCfg = Debug|Any CPU
		{215280FE-BEFB-41BF-9588-185E0E19DA83}.Debug|Any CPU.Build.0 = Debug|Any CPU
		{215280FE-BEFB-41BF-9588-185E0E19DA83}.Release|Any CPU.ActiveCfg = Release|Any CPU
		{215280FE-BEFB-41BF-9588-185E0E19DA83}.Release|Any CPU.Build.0 = Release|Any CPU
	EndGlobalSection
	GlobalSection(SolutionProperties) = preSolution
		HideSolutionNode = FALSE
	EndGlobalSection
	GlobalSection(ExtensibilityGlobals) = postSolution
		SolutionGuid = {FB194A21-FDDF-49AA-870F-6A24843A6B38}
	EndGlobalSection
EndGlobal
